Microsoft Visual Studio Solution File, Format Version 12.00
# Visual Studio Version 17
VisualStudioVersion = 17.5.002.0
MinimumVisualStudioVersion = 10.0.40219.1
Project("{9A19103F-16F7-4668-BE54-9A1E7A4F7556}") = "AquaApi", "src\AquaApi\AquaApi.csproj", "{35950192-252F-44A8-B710-63E470A67118}"
EndProject
Project("{FAE04EC0-301F-11D3-BF4B-00C04F79EFBC}") = "DataGeneratorFunction", "src\DataGeneratorFunction\DataGeneratorFunction.csproj", "{3FFDA260-76E7-4E96-9F97-5B80E30FF2F2}"
EndProject
Global
				GlobalSection(SolutionConfigurationPlatforms) = preSolution
								Debug|Any CPU = Debug|Any CPU
								Release|Any CPU = Release|Any CPU
				EndGlobalSection
				GlobalSection(ProjectConfigurationPlatforms) = postSolution
								{35950192-252F-44A8-B710-63E470A67118}.Debug|Any CPU.ActiveCfg = Debug|Any CPU
								{35950192-252F-44A8-B710-63E470A67118}.Debug|Any CPU.Build.0 = Debug|Any CPU
								{35950192-252F-44A8-B710-63E470A67118}.Release|Any CPU.ActiveCfg = Release|Any CPU
								{35950192-252F-44A8-B710-63E470A67118}.Release|Any CPU.Build.0 = Release|Any CPU
					{3FFDA260-76E7-4E96-9F97-5B80E30FF2F2}.Debug|Any CPU.ActiveCfg = Debug|Any CPU
					{3FFDA260-76E7-4E96-9F97-5B80E30FF2F2}.Debug|Any CPU.Build.0 = Debug|Any CPU
					{3FFDA260-76E7-4E96-9F97-5B80E30FF2F2}.Release|Any CPU.ActiveCfg = Release|Any CPU
					{3FFDA260-76E7-4E96-9F97-5B80E30FF2F2}.Release|Any CPU.Build.0 = Release|Any CPU
				EndGlobalSection
				GlobalSection(SolutionProperties) = preSolution
								HideSolutionNode = FALSE
				EndGlobalSection
				GlobalSection(NestedProjects) = preSolution
				EndGlobalSection
				GlobalSection(ExtensibilityGlobals) = postSolution
								SolutionGuid = {00A64A12-39CC-40EA-996D-79EA6539A35B}
				EndGlobalSection
EndGlobal
